#
# This file is autogenerated by pip-compile with Python 3.12
# by the following command:
#
#    pip-compile --output-file=requirements.lock requirements.txt
#
asgiref==3.12.1
    # via django
boto3==1.43.72
    # via -r requirements.txt
botocore==1.43.72
    # via
    #   boto3
    #   s3transfer
brotli==1.2.0
    # via fonttools
certifi==2026.7.22
    # via
    #   cloudinary
    #   requests
cffi==2.1.1
    # via
    #   cryptography
    #   weasyprint
charset-normalizer==3.5.1
    # via
    #   pdfminer-six
    #   requests
cloudinary==1.45.0
    # via
    #   -r requirements.txt
    #   django-cloudinary-storage
cryptography==50.0.0
    # via pdfminer-six
cssselect2==0.9.0
    # via weasyprint
defusedxml==0.7.1
    # via -r requirements.txt
dj-database-url==3.1.2
    # via -r requirements.txt
django==6.1
    # via
    #   -r requirements.txt
    #   dj-database-url
    #   django-anymail
    #   django-jazzmin
    #   django-otp
    #   django-storages
django-anymail==15.1
    # via -r requirements.txt
django-cloudinary-storage==0.3.0
    # via -r requirements.txt
django-jazzmin==3.0.5
    # via -r requirements.txt
django-otp==1.7.0
    # via -r requirements.txt
django-storages==1.14.6
    # via -r requirements.txt
et-xmlfile==2.0.0
    # via openpyxl
fonttools[woff]==4.63.0
    # via weasyprint
gunicorn==26.0.0
    # via -r requirements.txt
idna==3.18
    # via
    #   django-anymail
    #   requests
jmespath==1.1.0
    # via
    #   boto3
    #   botocore
lxml==6.1.1
    # via python-docx
markdown==3.10.3
    # via -r requirements.txt
nh3==0.3.6
    # via -r requirements.txt
numpy==2.5.2
    # via pandas
openpyxl==3.1.5
    # via -r requirements.txt
packaging==26.3
    # via gunicorn
pandas==3.0.5
    # via -r requirements.txt
pdfminer-six==20260107
    # via pdfplumber
pdfplumber==0.11.10
    # via -r requirements.txt
pillow==12.3.0
    # via
    #   pdfplumber
    #   weasyprint
psycopg2-binary==2.9.12
    # via -r requirements.txt
pycparser==3.0
    # via cffi
pydyf==0.12.1
    # via weasyprint
pypdfium2==5.13.0
    # via pdfplumber
pyphen==0.18.1
    # via weasyprint
python-dateutil==2.9.0.post0
    # via
    #   botocore
    #   pandas
python-decouple==3.8
    # via -r requirements.txt
python-docx==1.2.0
    # via -r requirements.txt
qrcode==8.2
    # via -r requirements.txt
requests==2.34.2
    # via
    #   -r requirements.txt
    #   django-anymail
    #   django-cloudinary-storage
s3transfer==0.19.2
    # via boto3
six==1.17.0
    # via
    #   cloudinary
    #   python-dateutil
sqlparse==0.6.0
    # via django
tinycss2==1.5.1
    # via
    #   cssselect2
    #   weasyprint
tinyhtml5==2.1.0
    # via weasyprint
typing-extensions==4.16.0
    # via python-docx
urllib3==2.7.0
    # via
    #   -r requirements.txt
    #   botocore
    #   cloudinary
    #   django-anymail
    #   requests
weasyprint==69.0
    # via -r requirements.txt
webencodings==0.6.1
    # via
    #   cssselect2
    #   tinycss2
    #   tinyhtml5
whitenoise==6.12.0
    # via -r requirements.txt
zopfli==0.4.3
    # via fonttools
